{
  "name": "js",
  "version": "1.0.0",
  "lockfileVersion": 2,
  "requires": true,
  "packages": {
    "": {
      "name": "js",
      "version": "1.0.0",
      "license": "ISC",
      "dependencies": {
        "samp-node-lib": "^1.1.5"
      }
    },
    "node_modules/samp-node-lib": {
      "version": "1.1.5",
      "resolved": "https://registry.npmjs.org/samp-node-lib/-/samp-node-lib-1.1.5.tgz",
      "integrity": "sha512-R7UVEl+NEhAwsD9INHX7po61DVFqvcQgcVHVZIav1xEpk3QLOx7f9wk0lMmfcy/nnZ8wgPsT2MGlfMhuHrfBXA=="
    }
  },
  "dependencies": {
    "samp-node-lib": {
      "version": "1.1.5",
      "resolved": "https://registry.npmjs.org/samp-node-lib/-/samp-node-lib-1.1.5.tgz",
      "integrity": "sha512-R7UVEl+NEhAwsD9INHX7po61DVFqvcQgcVHVZIav1xEpk3QLOx7f9wk0lMmfcy/nnZ8wgPsT2MGlfMhuHrfBXA=="
    }
  }
}
